{
  "originHash" : "862a083edc307e4f6dfcef6d12e614ae4ea6d6f27ccb12c071ceef6c31231453",
  "pins" : [
    {
      "identity" : "mpitextkit",
      "kind" : "remoteSourceControl",
      "location" : "https://github.com/meitu/MPITextKit.git",
      "state" : {
        "revision" : "6b2e616f2648bcb7e3bc1c739bac3fb4a2626eec",
        "version" : "0.2.4"
      }
    },
    {
      "identity" : "nuke",
      "kind" : "remoteSourceControl",
      "location" : "https://github.com/kean/Nuke.git",
      "state" : {
        "revision" : "0ead44350d2737db384908569c012fe67c421e4d",
        "version" : "12.8.0"
      }
    },
    {
      "identity" : "swift-cmark",
      "kind" : "remoteSourceControl",
      "location" : "https://github.com/apple/swift-cmark.git",
      "state" : {
        "revision" : "3bc2f3e25df0cecc5dc269f7ccae65d0f386f06a",
        "version" : "0.4.0"
      }
    },
    {
      "identity" : "swift-markdown",
      "kind" : "remoteSourceControl",
      "location" : "https://github.com/apple/swift-markdown.git",
      "state" : {
        "revision" : "4aae40bf6fff5286e0e1672329d17824ce16e081",
        "version" : "0.4.0"
      }
    }
  ],
  "version" : 3
}
